
Microsoft Visual Studio Solution File, Format Version 12.00
# Visual Studio Version 17
VisualStudioVersion = 17.4.33205.214
MinimumVisualStudioVersion = 10.0.40219.1
Project("{FAE04EC0-301F-11D3-BF4B-00C04F79EFBC}") = "JwtWebApi", "JwtWebApi\JwtWebApi.csproj", "{773BE206-154C-4561-B5F9-FD8E06DB86EF}"
EndProject
Global
	GlobalSection(SolutionConfigurationPlatforms) = preSolution
		Debug|Any CPU = Debug|Any CPU
		Release|Any CPU = Release|Any CPU
	EndGlobalSection
	GlobalSection(ProjectConfigurationPlatforms) = postSolution
		{773BE206-154C-4561-B5F9-FD8E06DB86EF}.Debug|Any CPU.ActiveCfg = Debug|Any CPU
		{773BE206-154C-4561-B5F9-FD8E06DB86EF}.Debug|Any CPU.Build.0 = Debug|Any CPU
		{773BE206-154C-4561-B5F9-FD8E06DB86EF}.Release|Any CPU.ActiveCfg = Release|Any CPU
		{773BE206-154C-4561-B5F9-FD8E06DB86EF}.Release|Any CPU.Build.0 = Release|Any CPU
	EndGlobalSection
	GlobalSection(SolutionProperties) = preSolution
		HideSolutionNode = FALSE
	EndGlobalSection
	GlobalSection(ExtensibilityGlobals) = postSolution
		SolutionGuid = {95F592F2-0241-4F5A-8874-9BEBC859DC24}
	EndGlobalSection
EndGlobal
